
Microsoft Visual Studio Solution File, Format Version 12.00
# Visual Studio Version 17
VisualStudioVersion = 17.8.34316.72
MinimumVisualStudioVersion = 10.0.40219.1
Project("{FAE04EC0-301F-11D3-BF4B-00C04F79EFBC}") = "LaptopShop", "LaptopShop\LaptopShop.csproj", "{1F3FD79D-E69B-4C7C-847D-811C7DF5ED8F}"
EndProject
Global
	GlobalSection(SolutionConfigurationPlatforms) = preSolution
		Debug|Any CPU = Debug|Any CPU
		Release|Any CPU = Release|Any CPU
	EndGlobalSection
	GlobalSection(ProjectConfigurationPlatforms) = postSolution
		{1F3FD79D-E69B-4C7C-847D-811C7DF5ED8F}.Debug|Any CPU.ActiveCfg = Debug|Any CPU
		{1F3FD79D-E69B-4C7C-847D-811C7DF5ED8F}.Debug|Any CPU.Build.0 = Debug|Any CPU
		{1F3FD79D-E69B-4C7C-847D-811C7DF5ED8F}.Release|Any CPU.ActiveCfg = Release|Any CPU
		{1F3FD79D-E69B-4C7C-847D-811C7DF5ED8F}.Release|Any CPU.Build.0 = Release|Any CPU
	EndGlobalSection
	GlobalSection(SolutionProperties) = preSolution
		HideSolutionNode = FALSE
	EndGlobalSection
	GlobalSection(ExtensibilityGlobals) = postSolution
		SolutionGuid = {9A339591-B0FE-4B53-9241-BB9E9379DF17}
	EndGlobalSection
EndGlobal
